github.com/j178/leetgo/testutils/go v0.1.0-alpha h1:mXse8WbvKWeMBtsdOk3KWXDzGh5e4Q1NyPpFo+EZodM=
github.com/j178/leetgo/testutils/go v0.1.0-alpha/go.mod h1:Nwd7mblpQsRDCXay0vw206Tqocrxph9enVukW8nkgn4=
github.com/mitchellh/go-ps v1.0.0 h1:i6ampVEEF4wQFF+bkYfwYgY+F/uYJDktmvLPf7qIgjc=
github.com/mitchellh/go-ps v1.0.0/go.mod h1:J4lOc8z8yJs6vUwklHw2XEIiT4z4C40KtWVN3nvg8Pg=
